
Microsoft Visual Studio Solution File, Format Version 12.00
# Visual Studio Version 16
VisualStudioVersion = 16.0.31205.134
MinimumVisualStudioVersion = 10.0.40219.1
Project("{FAE04EC0-301F-11D3-BF4B-00C04F79EFBC}") = "A4_Task1MVC", "A4_Task1MVC.csproj", "{D244B243-9400-4E70-88A2-C43F900E5BD1}"
EndProject
Global
	GlobalSection(SolutionConfigurationPlatforms) = preSolution
		Debug|Any CPU = Debug|Any CPU
		Release|Any CPU = Release|Any CPU
	EndGlobalSection
	GlobalSection(ProjectConfigurationPlatforms) = postSolution
		{D244B243-9400-4E70-88A2-C43F900E5BD1}.Debug|Any CPU.ActiveCfg = Debug|Any CPU
		{D244B243-9400-4E70-88A2-C43F900E5BD1}.Debug|Any CPU.Build.0 = Debug|Any CPU
		{D244B243-9400-4E70-88A2-C43F900E5BD1}.Release|Any CPU.ActiveCfg = Release|Any CPU
		{D244B243-9400-4E70-88A2-C43F900E5BD1}.Release|Any CPU.Build.0 = Release|Any CPU
	EndGlobalSection
	GlobalSection(SolutionProperties) = preSolution
		HideSolutionNode = FALSE
	EndGlobalSection
	GlobalSection(ExtensibilityGlobals) = postSolution
		SolutionGuid = {676EB559-1E1C-4228-B737-4B1550830D47}
	EndGlobalSection
EndGlobal
